
Microsoft Visual Studio Solution File, Format Version 12.00
# Visual Studio 2013
VisualStudioVersion = 12.0.30723.0
MinimumVisualStudioVersion = 10.0.40219.1
Project("{F184B08F-C81C-45F6-A57F-5ABD9991F28F}") = "MarkdownVB", "MarkdownVB\MarkdownVB.vbproj", "{F5BC49B3-2C08-4878-BDB8-2864EDF8EBB4}"
EndProject
Project("{2150E333-8FDC-42A3-9474-1A3956D46DE8}") = "Solution Items", "Solution Items", "{031F5CB9-B530-4AB2-B6E0-F25BB7030EF0}"
	ProjectSection(SolutionItems) = preProject
		ReadMe.md = ReadMe.md
	EndProjectSection
EndProject
Global
	GlobalSection(SolutionConfigurationPlatforms) = preSolution
		Debug|Any CPU = Debug|Any CPU
		Release|Any CPU = Release|Any CPU
	EndGlobalSection
	GlobalSection(ProjectConfigurationPlatforms) = postSolution
		{F5BC49B3-2C08-4878-BDB8-2864EDF8EBB4}.Debug|Any CPU.ActiveCfg = Debug|Any CPU
		{F5BC49B3-2C08-4878-BDB8-2864EDF8EBB4}.Debug|Any CPU.Build.0 = Debug|Any CPU
		{F5BC49B3-2C08-4878-BDB8-2864EDF8EBB4}.Release|Any CPU.ActiveCfg = Release|Any CPU
		{F5BC49B3-2C08-4878-BDB8-2864EDF8EBB4}.Release|Any CPU.Build.0 = Release|Any CPU
	EndGlobalSection
	GlobalSection(SolutionProperties) = preSolution
		HideSolutionNode = FALSE
	EndGlobalSection
EndGlobal
